// !$*UTF8*$!
{
	archiveVersion = 1;
	classes = {
	};
	objectVersion = 46;
	objects = {

/* Begin PBXBuildFile section */
		48A656B518163BF200746D36 /* Foundation.framework in Frameworks */ = {isa = PBXBuildFile; fileRef = 48A656B418163BF200746D36 /* Foundation.framework */; };
		48A656B718163BF200746D36 /* CoreGraphics.framework in Frameworks */ = {isa = PBXBuildFile; fileRef = 48A656B618163BF200746D36 /* CoreGraphics.framework */; };
		48A656B918163BF200746D36 /* UIKit.framework in Frameworks */ = {isa = PBXBuildFile; fileRef = 48A656B818163BF200746D36 /* UIKit.framework */; };
		48A656BF18163BF200746D36 /* InfoPlist.strings in Resources */ = {isa = PBXBuildFile; fileRef = 48A656BD18163BF200746D36 /* InfoPlist.strings */; };
		48A656C118163BF200746D36 /* main.m in Sources */ = {isa = PBXBuildFile; fileRef = 48A656C018163BF200746D36 /* main.m */; };
		48A656C518163BF200746D36 /* qcdDemoAppDelegate.m in Sources */ = {isa = PBXBuildFile; fileRef = 48A656C418163BF200746D36 /* qcdDemoAppDelegate.m */; };
		48A656C718163BF200746D36 /* Images.xcassets in Resources */ = {isa = PBXBuildFile; fileRef = 48A656C618163BF200746D36 /* Images.xcassets */; };
		48A656CE18163BF200746D36 /* XCTest.framework in Frameworks */ = {isa = PBXBuildFile; fileRef = 48A656CD18163BF200746D36 /* XCTest.framework */; };
		48A656CF18163BF200746D36 /* Foundation.framework in Frameworks */ = {isa = PBXBuildFile; fileRef = 48A656B418163BF200746D36 /* Foundation.framework */; };
		48A656D018163BF200746D36 /* UIKit.framework in Frameworks */ = {isa = PBXBuildFile; fileRef = 48A656B818163BF200746D36 /* UIKit.framework */; };
		48A656D818163BF200746D36 /* InfoPlist.strings in Resources */ = {isa = PBXBuildFile; fileRef = 48A656D618163BF200746D36 /* InfoPlist.strings */; };
		48A656DA18163BF200746D36 /* NavCtrlTests.m in Sources */ = {isa = PBXBuildFile; fileRef = 48A656D918163BF200746D36 /* NavCtrlTests.m */; };
		48A656EE1816468000746D36 /* Sunflower.gif in Resources */ = {isa = PBXBuildFile; fileRef = 48A656ED1816468000746D36 /* Sunflower.gif */; };
		9F0DD30E1BD54B9900CAA368 /* DataAccess.m in Sources */ = {isa = PBXBuildFile; fileRef = 9F0DD30D1BD54B9900CAA368 /* DataAccess.m */; settings = {ASSET_TAGS = (); }; };
		9F0DD3121BD6926000CAA368 /* AddCompanyViewController.m in Sources */ = {isa = PBXBuildFile; fileRef = 9F0DD3101BD6926000CAA368 /* AddCompanyViewController.m */; settings = {ASSET_TAGS = (); }; };
		9F0DD3131BD6926000CAA368 /* AddCompanyViewController.xib in Resources */ = {isa = PBXBuildFile; fileRef = 9F0DD3111BD6926000CAA368 /* AddCompanyViewController.xib */; settings = {ASSET_TAGS = (); }; };
		9F0DD3151BD6B28900CAA368 /* company.png in Resources */ = {isa = PBXBuildFile; fileRef = 9F0DD3141BD6B28900CAA368 /* company.png */; settings = {ASSET_TAGS = (); }; };
		9F0DD3191BD6B89300CAA368 /* AddProductViewController.m in Sources */ = {isa = PBXBuildFile; fileRef = 9F0DD3171BD6B89300CAA368 /* AddProductViewController.m */; settings = {ASSET_TAGS = (); }; };
		9F0DD31A1BD6B89300CAA368 /* AddProductViewController.xib in Resources */ = {isa = PBXBuildFile; fileRef = 9F0DD3181BD6B89300CAA368 /* AddProductViewController.xib */; settings = {ASSET_TAGS = (); }; };
		9F0DD31C1BD6C56D00CAA368 /* product.png in Resources */ = {isa = PBXBuildFile; fileRef = 9F0DD31B1BD6C56D00CAA368 /* product.png */; settings = {ASSET_TAGS = (); }; };
		9F0DD3201BD80AD300CAA368 /* EditCompanyViewController.m in Sources */ = {isa = PBXBuildFile; fileRef = 9F0DD31E1BD80AD300CAA368 /* EditCompanyViewController.m */; settings = {ASSET_TAGS = (); }; };
		9F0DD3211BD80AD300CAA368 /* EditCompanyViewController.xib in Resources */ = {isa = PBXBuildFile; fileRef = 9F0DD31F1BD80AD300CAA368 /* EditCompanyViewController.xib */; settings = {ASSET_TAGS = (); }; };
		9F0DD32B1BD821F000CAA368 /* EditProductViewController.m in Sources */ = {isa = PBXBuildFile; fileRef = 9F0DD3291BD821F000CAA368 /* EditProductViewController.m */; settings = {ASSET_TAGS = (); }; };
		9F0DD32C1BD821F000CAA368 /* EditProductViewController.xib in Resources */ = {isa = PBXBuildFile; fileRef = 9F0DD32A1BD821F000CAA368 /* EditProductViewController.xib */; settings = {ASSET_TAGS = (); }; };
		9F21CFCE1BF52D1100670BF3 /* CompanyCViewController.m in Sources */ = {isa = PBXBuildFile; fileRef = 9F21CFCC1BF52D1100670BF3 /* CompanyCViewController.m */; settings = {ASSET_TAGS = (); }; };
		9F21CFCF1BF52D1100670BF3 /* CompanyCViewController.xib in Resources */ = {isa = PBXBuildFile; fileRef = 9F21CFCD1BF52D1100670BF3 /* CompanyCViewController.xib */; settings = {ASSET_TAGS = (); }; };
		9F21CFD61BF54A4200670BF3 /* CompanyCVCell.m in Sources */ = {isa = PBXBuildFile; fileRef = 9F21CFD41BF54A4200670BF3 /* CompanyCVCell.m */; settings = {ASSET_TAGS = (); }; };
		9F21CFD71BF54A4200670BF3 /* CompanyCVCell.xib in Resources */ = {isa = PBXBuildFile; fileRef = 9F21CFD51BF54A4200670BF3 /* CompanyCVCell.xib */; settings = {ASSET_TAGS = (); }; };
		9F21CFDB1BF63B5300670BF3 /* ProductsCViewController.m in Sources */ = {isa = PBXBuildFile; fileRef = 9F21CFD91BF63B5300670BF3 /* ProductsCViewController.m */; settings = {ASSET_TAGS = (); }; };
		9F21CFDC1BF63B5300670BF3 /* ProductsCViewController.xib in Resources */ = {isa = PBXBuildFile; fileRef = 9F21CFDA1BF63B5300670BF3 /* ProductsCViewController.xib */; settings = {ASSET_TAGS = (); }; };
		9F21CFE01BF63BCE00670BF3 /* ProductsCVCell.m in Sources */ = {isa = PBXBuildFile; fileRef = 9F21CFDE1BF63BCD00670BF3 /* ProductsCVCell.m */; settings = {ASSET_TAGS = (); }; };
		9F21CFE11BF63BCE00670BF3 /* ProductsCVCell.xib in Resources */ = {isa = PBXBuildFile; fileRef = 9F21CFDF1BF63BCD00670BF3 /* ProductsCVCell.xib */; settings = {ASSET_TAGS = (); }; };
		9F350F711BEBBC9600C25FC7 /* Model.xcdatamodeld in Sources */ = {isa = PBXBuildFile; fileRef = 9F350F6F1BEBBC9600C25FC7 /* Model.xcdatamodeld */; settings = {ASSET_TAGS = (); }; };
		9F350F7F1BEBE17300C25FC7 /* CoreData.framework in Frameworks */ = {isa = PBXBuildFile; fileRef = 9F350F7E1BEBE17300C25FC7 /* CoreData.framework */; };
		9F350F9A1BF0FD9900C25FC7 /* CompanyCd+CoreDataProperties.m in Sources */ = {isa = PBXBuildFile; fileRef = 9F350F931BF0FD9900C25FC7 /* CompanyCd+CoreDataProperties.m */; settings = {ASSET_TAGS = (); }; };
		9F350F9B1BF0FD9900C25FC7 /* CompanyCd.m in Sources */ = {isa = PBXBuildFile; fileRef = 9F350F951BF0FD9900C25FC7 /* CompanyCd.m */; settings = {ASSET_TAGS = (); }; };
		9F350F9C1BF0FD9900C25FC7 /* ProductCd+CoreDataProperties.m in Sources */ = {isa = PBXBuildFile; fileRef = 9F350F971BF0FD9900C25FC7 /* ProductCd+CoreDataProperties.m */; settings = {ASSET_TAGS = (); }; };
		9F350F9D1BF0FD9900C25FC7 /* ProductCd.m in Sources */ = {isa = PBXBuildFile; fileRef = 9F350F991BF0FD9900C25FC7 /* ProductCd.m */; settings = {ASSET_TAGS = (); }; };
		9FE5466F1BE03322004B7C77 /* libsqlite3.0.tbd in Frameworks */ = {isa = PBXBuildFile; fileRef = 9FE5466E1BE03322004B7C77 /* libsqlite3.0.tbd */; };
		9FF1BFAD1BFA3AE5006AC5B9 /* Podfile in Resources */ = {isa = PBXBuildFile; fileRef = 9FF1BFAC1BFA3AE5006AC5B9 /* Podfile */; settings = {ASSET_TAGS = (); }; };
		9FF6B3B41BCED9790015F471 /* apple.png in Resources */ = {isa = PBXBuildFile; fileRef = 9FF6B3B31BCED9790015F471 /* apple.png */; settings = {ASSET_TAGS = (); }; };
		9FF6B3B61BCED9890015F471 /* htc.png in Resources */ = {isa = PBXBuildFile; fileRef = 9FF6B3B51BCED9890015F471 /* htc.png */; settings = {ASSET_TAGS = (); }; };
		9FF6B3B81BCED9BC0015F471 /* motorola.png in Resources */ = {isa = PBXBuildFile; fileRef = 9FF6B3B71BCED9BC0015F471 /* motorola.png */; settings = {ASSET_TAGS = (); }; };
		9FF6B3BA1BCED9C50015F471 /* samsung.png in Resources */ = {isa = PBXBuildFile; fileRef = 9FF6B3B91BCED9C50015F471 /* samsung.png */; settings = {ASSET_TAGS = (); }; };
		9FF6B3BE1BCEE38F0015F471 /* galaxys4.png in Resources */ = {isa = PBXBuildFile; fileRef = 9FF6B3BD1BCEE38F0015F471 /* galaxys4.png */; settings = {ASSET_TAGS = (); }; };
		9FF6B3C01BCEEB2F0015F471 /* motorola3.jpeg in Resources */ = {isa = PBXBuildFile; fileRef = 9FF6B3BF1BCEEB2F0015F471 /* motorola3.jpeg */; settings = {ASSET_TAGS = (); }; };
		9FF6B3CB1BCEEB400015F471 /* motorola2.png in Resources */ = {isa = PBXBuildFile; fileRef = 9FF6B3C11BCEEB400015F471 /* motorola2.png */; settings = {ASSET_TAGS = (); }; };
		9FF6B3CC1BCEEB400015F471 /* motorola1.png in Resources */ = {isa = PBXBuildFile; fileRef = 9FF6B3C21BCEEB400015F471 /* motorola1.png */; settings = {ASSET_TAGS = (); }; };
		9FF6B3CD1BCEEB400015F471 /* htc3.png in Resources */ = {isa = PBXBuildFile; fileRef = 9FF6B3C31BCEEB400015F471 /* htc3.png */; settings = {ASSET_TAGS = (); }; };
		9FF6B3CE1BCEEB400015F471 /* htc2.png in Resources */ = {isa = PBXBuildFile; fileRef = 9FF6B3C41BCEEB400015F471 /* htc2.png */; settings = {ASSET_TAGS = (); }; };
		9FF6B3CF1BCEEB400015F471 /* htc1.png in Resources */ = {isa = PBXBuildFile; fileRef = 9FF6B3C51BCEEB400015F471 /* htc1.png */; settings = {ASSET_TAGS = (); }; };
		9FF6B3D01BCEEB400015F471 /* galaxys6.png in Resources */ = {isa = PBXBuildFile; fileRef = 9FF6B3C61BCEEB400015F471 /* galaxys6.png */; settings = {ASSET_TAGS = (); }; };
		9FF6B3D11BCEEB400015F471 /* galaxys5.png in Resources */ = {isa = PBXBuildFile; fileRef = 9FF6B3C71BCEEB400015F471 /* galaxys5.png */; settings = {ASSET_TAGS = (); }; };
		9FF6B3D21BCEEB400015F471 /* ipodtouch.png in Resources */ = {isa = PBXBuildFile; fileRef = 9FF6B3C81BCEEB400015F471 /* ipodtouch.png */; settings = {ASSET_TAGS = (); }; };
		9FF6B3D31BCEEB400015F471 /* iphone.png in Resources */ = {isa = PBXBuildFile; fileRef = 9FF6B3C91BCEEB400015F471 /* iphone.png */; settings = {ASSET_TAGS = (); }; };
		9FF6B3D41BCEEB400015F471 /* iPad.png in Resources */ = {isa = PBXBuildFile; fileRef = 9FF6B3CA1BCEEB400015F471 /* iPad.png */; settings = {ASSET_TAGS = (); }; };
		9FF6B3ED1BCF0FE20015F471 /* ProductViewController.m in Sources */ = {isa = PBXBuildFile; fileRef = 9FF6B3EB1BCF0FE20015F471 /* ProductViewController.m */; settings = {ASSET_TAGS = (); }; };
		9FF6B3EE1BCF0FE20015F471 /* ProductViewController.xib in Resources */ = {isa = PBXBuildFile; fileRef = 9FF6B3EC1BCF0FE20015F471 /* ProductViewController.xib */; settings = {ASSET_TAGS = (); }; };
		9FF6B3F11BD0275E0015F471 /* WebKit.framework in Frameworks */ = {isa = PBXBuildFile; fileRef = 9FF6B3F01BD0275E0015F471 /* WebKit.framework */; };
		9FF6B3FB1BD14EEE0015F471 /* Company.m in Sources */ = {isa = PBXBuildFile; fileRef = 9FF6B3FA1BD14EEE0015F471 /* Company.m */; settings = {ASSET_TAGS = (); }; };
		9FF6B3FE1BD14F000015F471 /* Product.m in Sources */ = {isa = PBXBuildFile; fileRef = 9FF6B3FD1BD14F000015F471 /* Product.m */; settings = {ASSET_TAGS = (); }; };
		FD7F11F5F66086269DD081A6 /* libPods.a in Frameworks */ = {isa = PBXBuildFile; fileRef = A06E76D1F7EB5EB512A088BA /* libPods.a */; };
/* End PBXBuildFile section */

/* Begin PBXContainerItemProxy section */
		48A656D118163BF200746D36 /* PBXContainerItemProxy */ = {
			isa = PBXContainerItemProxy;
			containerPortal = 48A656A918163BF200746D36 /* Project object */;
			proxyType = 1;
			remoteGlobalIDString = 48A656B018163BF200746D36;
			remoteInfo = NavCtrl;
		};
/* End PBXContainerItemProxy section */

/* Begin PBXFileReference section */
		256D4A980C0AE10755468ECA /* Pods.debug.xcconfig */ = {isa = PBXFileReference; includeInIndex = 1; lastKnownFileType = text.xcconfig; name = Pods.debug.xcconfig; path = "NavCtrl/Pods/Target Support Files/Pods/Pods.debug.xcconfig"; sourceTree = "<group>"; };
		48A656B118163BF200746D36 /* NavCtrl.app */ = {isa = PBXFileReference; explicitFileType = wrapper.application; includeInIndex = 0; path = NavCtrl.app; sourceTree = BUILT_PRODUCTS_DIR; };
		48A656B418163BF200746D36 /* Foundation.framework */ = {isa = PBXFileReference; lastKnownFileType = wrapper.framework; name = Foundation.framework; path = System/Library/Frameworks/Foundation.framework; sourceTree = SDKROOT; };
		48A656B618163BF200746D36 /* CoreGraphics.framework */ = {isa = PBXFileReference; lastKnownFileType = wrapper.framework; name = CoreGraphics.framework; path = System/Library/Frameworks/CoreGraphics.framework; sourceTree = SDKROOT; };
		48A656B818163BF200746D36 /* UIKit.framework */ = {isa = PBXFileReference; lastKnownFileType = wrapper.framework; name = UIKit.framework; path = System/Library/Frameworks/UIKit.framework; sourceTree = SDKROOT; };
		48A656BC18163BF200746D36 /* NavCtrl-Info.plist */ = {isa = PBXFileReference; lastKnownFileType = text.plist.xml; path = "NavCtrl-Info.plist"; sourceTree = "<group>"; };
		48A656BE18163BF200746D36 /* en */ = {isa = PBXFileReference; lastKnownFileType = text.plist.strings; name = en; path = en.lproj/InfoPlist.strings; sourceTree = "<group>"; };
		48A656C018163BF200746D36 /* main.m */ = {isa = PBXFileReference; lastKnownFileType = sourcecode.c.objc; path = main.m; sourceTree = "<group>"; };
		48A656C218163BF200746D36 /* NavCtrl-Prefix.pch */ = {isa = PBXFileReference; lastKnownFileType = sourcecode.c.h; path = "NavCtrl-Prefix.pch"; sourceTree = "<group>"; };
		48A656C318163BF200746D36 /* qcdDemoAppDelegate.h */ = {isa = PBXFileReference; lastKnownFileType = sourcecode.c.h; path = qcdDemoAppDelegate.h; sourceTree = "<group>"; };
		48A656C418163BF200746D36 /* qcdDemoAppDelegate.m */ = {isa = PBXFileReference; lastKnownFileType = sourcecode.c.objc; path = qcdDemoAppDelegate.m; sourceTree = "<group>"; };
		48A656C618163BF200746D36 /* Images.xcassets */ = {isa = PBXFileReference; lastKnownFileType = folder.assetcatalog; path = Images.xcassets; sourceTree = "<group>"; };
		48A656CC18163BF200746D36 /* NavCtrlTests.xctest */ = {isa = PBXFileReference; explicitFileType = wrapper.cfbundle; includeInIndex = 0; path = NavCtrlTests.xctest; sourceTree = BUILT_PRODUCTS_DIR; };
		48A656CD18163BF200746D36 /* XCTest.framework */ = {isa = PBXFileReference; lastKnownFileType = wrapper.framework; name = XCTest.framework; path = Library/Frameworks/XCTest.framework; sourceTree = DEVELOPER_DIR; };
		48A656D518163BF200746D36 /* NavCtrlTests-Info.plist */ = {isa = PBXFileReference; lastKnownFileType = text.plist.xml; path = "NavCtrlTests-Info.plist"; sourceTree = "<group>"; };
		48A656D718163BF200746D36 /* en */ = {isa = PBXFileReference; lastKnownFileType = text.plist.strings; name = en; path = en.lproj/InfoPlist.strings; sourceTree = "<group>"; };
		48A656D918163BF200746D36 /* NavCtrlTests.m */ = {isa = PBXFileReference; lastKnownFileType = sourcecode.c.objc; path = NavCtrlTests.m; sourceTree = "<group>"; };
		48A656ED1816468000746D36 /* Sunflower.gif */ = {isa = PBXFileReference; lastKnownFileType = image.gif; path = Sunflower.gif; sourceTree = "<group>"; };
		592A0ED37CFD9132A67245FB /* Pods.release.xcconfig */ = {isa = PBXFileReference; includeInIndex = 1; lastKnownFileType = text.xcconfig; name = Pods.release.xcconfig; path = "NavCtrl/Pods/Target Support Files/Pods/Pods.release.xcconfig"; sourceTree = "<group>"; };
		9F0DD30C1BD54B9900CAA368 /* DataAccess.h */ = {isa = PBXFileReference; fileEncoding = 4; lastKnownFileType = sourcecode.c.h; path = DataAccess.h; sourceTree = "<group>"; };
		9F0DD30D1BD54B9900CAA368 /* DataAccess.m */ = {isa = PBXFileReference; fileEncoding = 4; lastKnownFileType = sourcecode.c.objc; path = DataAccess.m; sourceTree = "<group>"; };
		9F0DD30F1BD6926000CAA368 /* AddCompanyViewController.h */ = {isa = PBXFileReference; fileEncoding = 4; lastKnownFileType = sourcecode.c.h; path = AddCompanyViewController.h; sourceTree = "<group>"; };
		9F0DD3101BD6926000CAA368 /* AddCompanyViewController.m */ = {isa = PBXFileReference; fileEncoding = 4; lastKnownFileType = sourcecode.c.objc; path = AddCompanyViewController.m; sourceTree = "<group>"; };
		9F0DD3111BD6926000CAA368 /* AddCompanyViewController.xib */ = {isa = PBXFileReference; fileEncoding = 4; lastKnownFileType = file.xib; path = AddCompanyViewController.xib; sourceTree = "<group>"; };
		9F0DD3141BD6B28900CAA368 /* company.png */ = {isa = PBXFileReference; lastKnownFileType = image.png; name = company.png; path = "../../../../untitled folder/company.png"; sourceTree = "<group>"; };
		9F0DD3161BD6B89300CAA368 /* AddProductViewController.h */ = {isa = PBXFileReference; fileEncoding = 4; lastKnownFileType = sourcecode.c.h; path = AddProductViewController.h; sourceTree = "<group>"; };
		9F0DD3171BD6B89300CAA368 /* AddProductViewController.m */ = {isa = PBXFileReference; fileEncoding = 4; lastKnownFileType = sourcecode.c.objc; path = AddProductViewController.m; sourceTree = "<group>"; };
		9F0DD3181BD6B89300CAA368 /* AddProductViewController.xib */ = {isa = PBXFileReference; fileEncoding = 4; lastKnownFileType = file.xib; path = AddProductViewController.xib; sourceTree = "<group>"; };
		9F0DD31B1BD6C56D00CAA368 /* product.png */ = {isa = PBXFileReference; lastKnownFileType = image.png; name = product.png; path = "../../../../untitled folder/product.png"; sourceTree = "<group>"; };
		9F0DD31D1BD80AD300CAA368 /* EditCompanyViewController.h */ = {isa = PBXFileReference; fileEncoding = 4; lastKnownFileType = sourcecode.c.h; path = EditCompanyViewController.h; sourceTree = "<group>"; };
		9F0DD31E1BD80AD300CAA368 /* EditCompanyViewController.m */ = {isa = PBXFileReference; fileEncoding = 4; lastKnownFileType = sourcecode.c.objc; path = EditCompanyViewController.m; sourceTree = "<group>"; };
		9F0DD31F1BD80AD300CAA368 /* EditCompanyViewController.xib */ = {isa = PBXFileReference; fileEncoding = 4; lastKnownFileType = file.xib; path = EditCompanyViewController.xib; sourceTree = "<group>"; };
		9F0DD3281BD821F000CAA368 /* EditProductViewController.h */ = {isa = PBXFileReference; fileEncoding = 4; lastKnownFileType = sourcecode.c.h; path = EditProductViewController.h; sourceTree = "<group>"; };
		9F0DD3291BD821F000CAA368 /* EditProductViewController.m */ = {isa = PBXFileReference; fileEncoding = 4; lastKnownFileType = sourcecode.c.objc; path = EditProductViewController.m; sourceTree = "<group>"; };
		9F0DD32A1BD821F000CAA368 /* EditProductViewController.xib */ = {isa = PBXFileReference; fileEncoding = 4; lastKnownFileType = file.xib; path = EditProductViewController.xib; sourceTree = "<group>"; };
		9F21CFCB1BF52D1100670BF3 /* CompanyCViewController.h */ = {isa = PBXFileReference; fileEncoding = 4; lastKnownFileType = sourcecode.c.h; path = CompanyCViewController.h; sourceTree = "<group>"; };
		9F21CFCC1BF52D1100670BF3 /* CompanyCViewController.m */ = {isa = PBXFileReference; fileEncoding = 4; lastKnownFileType = sourcecode.c.objc; path = CompanyCViewController.m; sourceTree = "<group>"; };
		9F21CFCD1BF52D1100670BF3 /* CompanyCViewController.xib */ = {isa = PBXFileReference; fileEncoding = 4; lastKnownFileType = file.xib; path = CompanyCViewController.xib; sourceTree = "<group>"; };
		9F21CFD31BF54A4200670BF3 /* CompanyCVCell.h */ = {isa = PBXFileReference; fileEncoding = 4; lastKnownFileType = sourcecode.c.h; path = CompanyCVCell.h; sourceTree = "<group>"; };
		9F21CFD41BF54A4200670BF3 /* CompanyCVCell.m */ = {isa = PBXFileReference; fileEncoding = 4; lastKnownFileType = sourcecode.c.objc; path = CompanyCVCell.m; sourceTree = "<group>"; };
		9F21CFD51BF54A4200670BF3 /* CompanyCVCell.xib */ = {isa = PBXFileReference; fileEncoding = 4; lastKnownFileType = file.xib; path = CompanyCVCell.xib; sourceTree = "<group>"; };
		9F21CFD81BF63B5300670BF3 /* ProductsCViewController.h */ = {isa = PBXFileReference; fileEncoding = 4; lastKnownFileType = sourcecode.c.h; path = ProductsCViewController.h; sourceTree = "<group>"; };
		9F21CFD91BF63B5300670BF3 /* ProductsCViewController.m */ = {isa = PBXFileReference; fileEncoding = 4; lastKnownFileType = sourcecode.c.objc; path = ProductsCViewController.m; sourceTree = "<group>"; };
		9F21CFDA1BF63B5300670BF3 /* ProductsCViewController.xib */ = {isa = PBXFileReference; fileEncoding = 4; lastKnownFileType = file.xib; path = ProductsCViewController.xib; sourceTree = "<group>"; };
		9F21CFDD1BF63BCD00670BF3 /* ProductsCVCell.h */ = {isa = PBXFileReference; fileEncoding = 4; lastKnownFileType = sourcecode.c.h; path = ProductsCVCell.h; sourceTree = "<group>"; };
		9F21CFDE1BF63BCD00670BF3 /* ProductsCVCell.m */ = {isa = PBXFileReference; fileEncoding = 4; lastKnownFileType = sourcecode.c.objc; path = ProductsCVCell.m; sourceTree = "<group>"; };
		9F21CFDF1BF63BCD00670BF3 /* ProductsCVCell.xib */ = {isa = PBXFileReference; fileEncoding = 4; lastKnownFileType = file.xib; path = ProductsCVCell.xib; sourceTree = "<group>"; };
		9F350F701BEBBC9600C25FC7 /* Model.xcdatamodel */ = {isa = PBXFileReference; lastKnownFileType = wrapper.xcdatamodel; path = Model.xcdatamodel; sourceTree = "<group>"; };
		9F350F7E1BEBE17300C25FC7 /* CoreData.framework */ = {isa = PBXFileReference; lastKnownFileType = wrapper.framework; name = CoreData.framework; path = System/Library/Frameworks/CoreData.framework; sourceTree = SDKROOT; };
		9F350F921BF0FD9900C25FC7 /* CompanyCd+CoreDataProperties.h */ = {isa = PBXFileReference; fileEncoding = 4; lastKnownFileType = sourcecode.c.h; path = "CompanyCd+CoreDataProperties.h"; sourceTree = "<group>"; };
		9F350F931BF0FD9900C25FC7 /* CompanyCd+CoreDataProperties.m */ = {isa = PBXFileReference; fileEncoding = 4; lastKnownFileType = sourcecode.c.objc; path = "CompanyCd+CoreDataProperties.m"; sourceTree = "<group>"; };
		9F350F941BF0FD9900C25FC7 /* CompanyCd.h */ = {isa = PBXFileReference; fileEncoding = 4; lastKnownFileType = sourcecode.c.h; path = CompanyCd.h; sourceTree = "<group>"; };
		9F350F951BF0FD9900C25FC7 /* CompanyCd.m */ = {isa = PBXFileReference; fileEncoding = 4; lastKnownFileType = sourcecode.c.objc; path = CompanyCd.m; sourceTree = "<group>"; };
		9F350F961BF0FD9900C25FC7 /* ProductCd+CoreDataProperties.h */ = {isa = PBXFileReference; fileEncoding = 4; lastKnownFileType = sourcecode.c.h; path = "ProductCd+CoreDataProperties.h"; sourceTree = "<group>"; };
		9F350F971BF0FD9900C25FC7 /* ProductCd+CoreDataProperties.m */ = {isa = PBXFileReference; fileEncoding = 4; lastKnownFileType = sourcecode.c.objc; path = "ProductCd+CoreDataProperties.m"; sourceTree = "<group>"; };
		9F350F981BF0FD9900C25FC7 /* ProductCd.h */ = {isa = PBXFileReference; fileEncoding = 4; lastKnownFileType = sourcecode.c.h; path = ProductCd.h; sourceTree = "<group>"; };
		9F350F991BF0FD9900C25FC7 /* ProductCd.m */ = {isa = PBXFileReference; fileEncoding = 4; lastKnownFileType = sourcecode.c.objc; path = ProductCd.m; sourceTree = "<group>"; };
		9FE5466E1BE03322004B7C77 /* libsqlite3.0.tbd */ = {isa = PBXFileReference; lastKnownFileType = "sourcecode.text-based-dylib-definition"; name = libsqlite3.0.tbd; path = usr/lib/libsqlite3.0.tbd; sourceTree = SDKROOT; };
		9FF1BFAC1BFA3AE5006AC5B9 /* Podfile */ = {isa = PBXFileReference; fileEncoding = 4; lastKnownFileType = text; path = Podfile; sourceTree = "<group>"; };
		9FF6B3B31BCED9790015F471 /* apple.png */ = {isa = PBXFileReference; lastKnownFileType = image.png; name = apple.png; path = "../../../../untitled folder/apple.png"; sourceTree = "<group>"; };
		9FF6B3B51BCED9890015F471 /* htc.png */ = {isa = PBXFileReference; lastKnownFileType = image.png; name = htc.png; path = "../../../../untitled folder/htc.png"; sourceTree = "<group>"; };
		9FF6B3B71BCED9BC0015F471 /* motorola.png */ = {isa = PBXFileReference; lastKnownFileType = image.png; name = motorola.png; path = "../../../../untitled folder/motorola.png"; sourceTree = "<group>"; };
		9FF6B3B91BCED9C50015F471 /* samsung.png */ = {isa = PBXFileReference; lastKnownFileType = image.png; name = samsung.png; path = "../../../../untitled folder/samsung.png"; sourceTree = "<group>"; };
		9FF6B3BD1BCEE38F0015F471 /* galaxys4.png */ = {isa = PBXFileReference; lastKnownFileType = image.png; name = galaxys4.png; path = "../../../../untitled folder/galaxys4.png"; sourceTree = "<group>"; };
		9FF6B3BF1BCEEB2F0015F471 /* motorola3.jpeg */ = {isa = PBXFileReference; lastKnownFileType = image.jpeg; name = motorola3.jpeg; path = "../../../../untitled folder/motorola3.jpeg"; sourceTree = "<group>"; };
		9FF6B3C11BCEEB400015F471 /* motorola2.png */ = {isa = PBXFileReference; lastKnownFileType = image.png; name = motorola2.png; path = "../../../../untitled folder/motorola2.png"; sourceTree = "<group>"; };
		9FF6B3C21BCEEB400015F471 /* motorola1.png */ = {isa = PBXFileReference; lastKnownFileType = image.png; name = motorola1.png; path = "../../../../untitled folder/motorola1.png"; sourceTree = "<group>"; };
		9FF6B3C31BCEEB400015F471 /* htc3.png */ = {isa = PBXFileReference; lastKnownFileType = image.png; name = htc3.png; path = "../../../../untitled folder/htc3.png"; sourceTree = "<group>"; };
		9FF6B3C41BCEEB400015F471 /* htc2.png */ = {isa = PBXFileReference; lastKnownFileType = image.png; name = htc2.png; path = "../../../../untitled folder/htc2.png"; sourceTree = "<group>"; };
		9FF6B3C51BCEEB400015F471 /* htc1.png */ = {isa = PBXFileReference; lastKnownFileType = image.png; name = htc1.png; path = "../../../../untitled folder/htc1.png"; sourceTree = "<group>"; };
		9FF6B3C61BCEEB400015F471 /* galaxys6.png */ = {isa = PBXFileReference; lastKnownFileType = image.png; name = galaxys6.png; path = "../../../../untitled folder/galaxys6.png"; sourceTree = "<group>"; };
		9FF6B3C71BCEEB400015F471 /* galaxys5.png */ = {isa = PBXFileReference; lastKnownFileType = image.png; name = galaxys5.png; path = "../../../../untitled folder/galaxys5.png"; sourceTree = "<group>"; };
		9FF6B3C81BCEEB400015F471 /* ipodtouch.png */ = {isa = PBXFileReference; lastKnownFileType = image.png; name = ipodtouch.png; path = "../../../../untitled folder/ipodtouch.png"; sourceTree = "<group>"; };
		9FF6B3C91BCEEB400015F471 /* iphone.png */ = {isa = PBXFileReference; lastKnownFileType = image.png; name = iphone.png; path = "../../../../untitled folder/iphone.png"; sourceTree = "<group>"; };
		9FF6B3CA1BCEEB400015F471 /* iPad.png */ = {isa = PBXFileReference; lastKnownFileType = image.png; name = iPad.png; path = "../../../../untitled folder/iPad.png"; sourceTree = "<group>"; };
		9FF6B3EA1BCF0FE20015F471 /* ProductViewController.h */ = {isa = PBXFileReference; fileEncoding = 4; lastKnownFileType = sourcecode.c.h; path = ProductViewController.h; sourceTree = "<group>"; };
		9FF6B3EB1BCF0FE20015F471 /* ProductViewController.m */ = {isa = PBXFileReference; fileEncoding = 4; lastKnownFileType = sourcecode.c.objc; path = ProductViewController.m; sourceTree = "<group>"; };
		9FF6B3EC1BCF0FE20015F471 /* ProductViewController.xib */ = {isa = PBXFileReference; fileEncoding = 4; lastKnownFileType = file.xib; path = ProductViewController.xib; sourceTree = "<group>"; };
		9FF6B3F01BD0275E0015F471 /* WebKit.framework */ = {isa = PBXFileReference; lastKnownFileType = wrapper.framework; name = WebKit.framework; path = System/Library/Frameworks/WebKit.framework; sourceTree = SDKROOT; };
		9FF6B3F91BD14EEE0015F471 /* Company.h */ = {isa = PBXFileReference; fileEncoding = 4; lastKnownFileType = sourcecode.c.h; path = Company.h; sourceTree = "<group>"; };
		9FF6B3FA1BD14EEE0015F471 /* Company.m */ = {isa = PBXFileReference; fileEncoding = 4; lastKnownFileType = sourcecode.c.objc; path = Company.m; sourceTree = "<group>"; };
		9FF6B3FC1BD14F000015F471 /* Product.h */ = {isa = PBXFileReference; fileEncoding = 4; lastKnownFileType = sourcecode.c.h; path = Product.h; sourceTree = "<group>"; };
		9FF6B3FD1BD14F000015F471 /* Product.m */ = {isa = PBXFileReference; fileEncoding = 4; lastKnownFileType = sourcecode.c.objc; path = Product.m; sourceTree = "<group>"; };
		A06E76D1F7EB5EB512A088BA /* libPods.a */ = {isa = PBXFileReference; explicitFileType = archive.ar; includeInIndex = 0; path = libPods.a; sourceTree = BUILT_PRODUCTS_DIR; };
/* End PBXFileReference section */

/* Begin PBXFrameworksBuildPhase section */
		48A656AE18163BF200746D36 /* Frameworks */ = {
			isa = PBXFrameworksBuildPhase;
			buildActionMask = 2147483647;
			files = (
				9F350F7F1BEBE17300C25FC7 /* CoreData.framework in Frameworks */,
				9FE5466F1BE03322004B7C77 /* libsqlite3.0.tbd in Frameworks */,
				9FF6B3F11BD0275E0015F471 /* WebKit.framework in Frameworks */,
				48A656B718163BF200746D36 /* CoreGraphics.framework in Frameworks */,
				48A656B918163BF200746D36 /* UIKit.framework in Frameworks */,
				48A656B518163BF200746D36 /* Foundation.framework in Frameworks */,
				FD7F11F5F66086269DD081A6 /* libPods.a in Frameworks */,
			);
			runOnlyForDeploymentPostprocessing = 0;
		};
		48A656C918163BF200746D36 /* Frameworks */ = {
			isa = PBXFrameworksBuildPhase;
			buildActionMask = 2147483647;
			files = (
				48A656CE18163BF200746D36 /* XCTest.framework in Frameworks */,
				48A656D018163BF200746D36 /* UIKit.framework in Frameworks */,
				48A656CF18163BF200746D36 /* Foundation.framework in Frameworks */,
			);
			runOnlyForDeploymentPostprocessing = 0;
		};
/* End PBXFrameworksBuildPhase section */

/* Begin PBXGroup section */
		48A656A818163BF200746D36 = {
			isa = PBXGroup;
			children = (
				9F0DD3221BD8207A00CAA368 /* ViewController */,
				9FF6B3F81BD14EAE0015F471 /* Classes */,
				48A656BA18163BF200746D36 /* NavCtrl */,
				48A656D318163BF200746D36 /* NavCtrlTests */,
				48A656B318163BF200746D36 /* Frameworks */,
				48A656B218163BF200746D36 /* Products */,
				967A8A6DE72F67F451D0128E /* Pods */,
			);
			sourceTree = "<group>";
		};
		48A656B218163BF200746D36 /* Products */ = {
			isa = PBXGroup;
			children = (
				48A656B118163BF200746D36 /* NavCtrl.app */,
				48A656CC18163BF200746D36 /* NavCtrlTests.xctest */,
			);
			name = Products;
			sourceTree = "<group>";
		};
		48A656B318163BF200746D36 /* Frameworks */ = {
			isa = PBXGroup;
			children = (
				9F350F7E1BEBE17300C25FC7 /* CoreData.framework */,
				9FE5466E1BE03322004B7C77 /* libsqlite3.0.tbd */,
				9FF6B3F01BD0275E0015F471 /* WebKit.framework */,
				48A656B418163BF200746D36 /* Foundation.framework */,
				48A656B618163BF200746D36 /* CoreGraphics.framework */,
				48A656B818163BF200746D36 /* UIKit.framework */,
				48A656CD18163BF200746D36 /* XCTest.framework */,
				A06E76D1F7EB5EB512A088BA /* libPods.a */,
			);
			name = Frameworks;
			sourceTree = "<group>";
		};
		48A656BA18163BF200746D36 /* NavCtrl */ = {
			isa = PBXGroup;
			children = (
				9FF1BFAC1BFA3AE5006AC5B9 /* Podfile */,
				48A656C318163BF200746D36 /* qcdDemoAppDelegate.h */,
				48A656C418163BF200746D36 /* qcdDemoAppDelegate.m */,
				48A656C618163BF200746D36 /* Images.xcassets */,
				48A656BB18163BF200746D36 /* Supporting Files */,
			);
			path = NavCtrl;
			sourceTree = "<group>";
		};
		48A656BB18163BF200746D36 /* Supporting Files */ = {
			isa = PBXGroup;
			children = (
				9F0DD31B1BD6C56D00CAA368 /* product.png */,
				9F0DD3141BD6B28900CAA368 /* company.png */,
				9FF6B3BF1BCEEB2F0015F471 /* motorola3.jpeg */,
				9FF6B3C11BCEEB400015F471 /* motorola2.png */,
				9FF6B3C21BCEEB400015F471 /* motorola1.png */,
				9FF6B3C31BCEEB400015F471 /* htc3.png */,
				9FF6B3C41BCEEB400015F471 /* htc2.png */,
				9FF6B3C51BCEEB400015F471 /* htc1.png */,
				9FF6B3C61BCEEB400015F471 /* galaxys6.png */,
				9FF6B3C71BCEEB400015F471 /* galaxys5.png */,
				9FF6B3C81BCEEB400015F471 /* ipodtouch.png */,
				9FF6B3C91BCEEB400015F471 /* iphone.png */,
				9FF6B3CA1BCEEB400015F471 /* iPad.png */,
				9FF6B3BD1BCEE38F0015F471 /* galaxys4.png */,
				9FF6B3B91BCED9C50015F471 /* samsung.png */,
				9FF6B3B71BCED9BC0015F471 /* motorola.png */,
				9FF6B3B51BCED9890015F471 /* htc.png */,
				9FF6B3B31BCED9790015F471 /* apple.png */,
				48A656ED1816468000746D36 /* Sunflower.gif */,
				48A656BC18163BF200746D36 /* NavCtrl-Info.plist */,
				48A656BD18163BF200746D36 /* InfoPlist.strings */,
				48A656C018163BF200746D36 /* main.m */,
				48A656C218163BF200746D36 /* NavCtrl-Prefix.pch */,
			);
			name = "Supporting Files";
			sourceTree = "<group>";
		};
		48A656D318163BF200746D36 /* NavCtrlTests */ = {
			isa = PBXGroup;
			children = (
				48A656D918163BF200746D36 /* NavCtrlTests.m */,
				48A656D418163BF200746D36 /* Supporting Files */,
			);
			path = NavCtrlTests;
			sourceTree = "<group>";
		};
		48A656D418163BF200746D36 /* Supporting Files */ = {
			isa = PBXGroup;
			children = (
				48A656D518163BF200746D36 /* NavCtrlTests-Info.plist */,
				48A656D618163BF200746D36 /* InfoPlist.strings */,
			);
			name = "Supporting Files";
			sourceTree = "<group>";
		};
		967A8A6DE72F67F451D0128E /* Pods */ = {
			isa = PBXGroup;
			children = (
				256D4A980C0AE10755468ECA /* Pods.debug.xcconfig */,
				592A0ED37CFD9132A67245FB /* Pods.release.xcconfig */,
			);
			name = Pods;
			sourceTree = "<group>";
		};
		9F0DD3221BD8207A00CAA368 /* ViewController */ = {
			isa = PBXGroup;
			children = (
				9F21CFCB1BF52D1100670BF3 /* CompanyCViewController.h */,
				9F21CFCC1BF52D1100670BF3 /* CompanyCViewController.m */,
				9F21CFCD1BF52D1100670BF3 /* CompanyCViewController.xib */,
				9F21CFD31BF54A4200670BF3 /* CompanyCVCell.h */,
				9F21CFD41BF54A4200670BF3 /* CompanyCVCell.m */,
				9F21CFD51BF54A4200670BF3 /* CompanyCVCell.xib */,
				9F21CFD81BF63B5300670BF3 /* ProductsCViewController.h */,
				9F21CFD91BF63B5300670BF3 /* ProductsCViewController.m */,
				9F21CFDA1BF63B5300670BF3 /* ProductsCViewController.xib */,
				9F21CFDD1BF63BCD00670BF3 /* ProductsCVCell.h */,
				9F21CFDE1BF63BCD00670BF3 /* ProductsCVCell.m */,
				9F21CFDF1BF63BCD00670BF3 /* ProductsCVCell.xib */,
				9F0DD30F1BD6926000CAA368 /* AddCompanyViewController.h */,
				9F0DD3101BD6926000CAA368 /* AddCompanyViewController.m */,
				9F0DD3111BD6926000CAA368 /* AddCompanyViewController.xib */,
				9F0DD31D1BD80AD300CAA368 /* EditCompanyViewController.h */,
				9F0DD31E1BD80AD300CAA368 /* EditCompanyViewController.m */,
				9F0DD31F1BD80AD300CAA368 /* EditCompanyViewController.xib */,
				9FF6B3EA1BCF0FE20015F471 /* ProductViewController.h */,
				9FF6B3EB1BCF0FE20015F471 /* ProductViewController.m */,
				9FF6B3EC1BCF0FE20015F471 /* ProductViewController.xib */,
				9F0DD3161BD6B89300CAA368 /* AddProductViewController.h */,
				9F0DD3171BD6B89300CAA368 /* AddProductViewController.m */,
				9F0DD3181BD6B89300CAA368 /* AddProductViewController.xib */,
				9F0DD3281BD821F000CAA368 /* EditProductViewController.h */,
				9F0DD3291BD821F000CAA368 /* EditProductViewController.m */,
				9F0DD32A1BD821F000CAA368 /* EditProductViewController.xib */,
				9F350F6F1BEBBC9600C25FC7 /* Model.xcdatamodeld */,
			);
			name = ViewController;
			sourceTree = "<group>";
		};
		9FF6B3F81BD14EAE0015F471 /* Classes */ = {
			isa = PBXGroup;
			children = (
				9F350F921BF0FD9900C25FC7 /* CompanyCd+CoreDataProperties.h */,
				9F350F931BF0FD9900C25FC7 /* CompanyCd+CoreDataProperties.m */,
				9F350F941BF0FD9900C25FC7 /* CompanyCd.h */,
				9F350F951BF0FD9900C25FC7 /* CompanyCd.m */,
				9F350F961BF0FD9900C25FC7 /* ProductCd+CoreDataProperties.h */,
				9F350F971BF0FD9900C25FC7 /* ProductCd+CoreDataProperties.m */,
				9F350F981BF0FD9900C25FC7 /* ProductCd.h */,
				9F350F991BF0FD9900C25FC7 /* ProductCd.m */,
				9FF6B3F91BD14EEE0015F471 /* Company.h */,
				9FF6B3FA1BD14EEE0015F471 /* Company.m */,
				9FF6B3FC1BD14F000015F471 /* Product.h */,
				9FF6B3FD1BD14F000015F471 /* Product.m */,
				9F0DD30C1BD54B9900CAA368 /* DataAccess.h */,
				9F0DD30D1BD54B9900CAA368 /* DataAccess.m */,
			);
			name = Classes;
			sourceTree = "<group>";
		};
/* End PBXGroup section */

/* Begin PBXNativeTarget section */
		48A656B018163BF200746D36 /* NavCtrl */ = {
			isa = PBXNativeTarget;
			buildConfigurationList = 48A656DD18163BF200746D36 /* Build configuration list for PBXNativeTarget "NavCtrl" */;
			buildPhases = (
				0107FCE2045DD10776FE24E1 /* Check Pods Manifest.lock */,
				48A656AD18163BF200746D36 /* Sources */,
				48A656AE18163BF200746D36 /* Frameworks */,
				48A656AF18163BF200746D36 /* Resources */,
				BAE8A0F34C471FF90C75957B /* Embed Pods Frameworks */,
				DF58A96C4486CD7A33215377 /* Copy Pods Resources */,
			);
			buildRules = (
			);
			dependencies = (
			);
			name = NavCtrl;
			productName = NavCtrl;
			productReference = 48A656B118163BF200746D36 /* NavCtrl.app */;
			productType = "com.apple.product-type.application";
		};
		48A656CB18163BF200746D36 /* NavCtrlTests */ = {
			isa = PBXNativeTarget;
			buildConfigurationList = 48A656E018163BF200746D36 /* Build configuration list for PBXNativeTarget "NavCtrlTests" */;
			buildPhases = (
				48A656C818163BF200746D36 /* Sources */,
				48A656C918163BF200746D36 /* Frameworks */,
				48A656CA18163BF200746D36 /* Resources */,
			);
			buildRules = (
			);
			dependencies = (
				48A656D218163BF200746D36 /* PBXTargetDependency */,
			);
			name = NavCtrlTests;
			productName = NavCtrlTests;
			productReference = 48A656CC18163BF200746D36 /* NavCtrlTests.xctest */;
			productType = "com.apple.product-type.bundle.unit-test";
		};
/* End PBXNativeTarget section */

/* Begin PBXProject section */
		48A656A918163BF200746D36 /* Project object */ = {
			isa = PBXProject;
			attributes = {
				CLASSPREFIX = qcdDemo;
				LastUpgradeCheck = 0500;
				ORGANIZATIONNAME = "Aditya Narayan";
				TargetAttributes = {
					48A656CB18163BF200746D36 = {
						TestTargetID = 48A656B018163BF200746D36;
					};
				};
			};
			buildConfigurationList = 48A656AC18163BF200746D36 /* Build configuration list for PBXProject "NavCtrl" */;
			compatibilityVersion = "Xcode 3.2";
			developmentRegion = English;
			hasScannedForEncodings = 0;
			knownRegions = (
				en,
			);
			mainGroup = 48A656A818163BF200746D36;
			productRefGroup = 48A656B218163BF200746D36 /* Products */;
			projectDirPath = "";
			projectRoot = "";
			targets = (
				48A656B018163BF200746D36 /* NavCtrl */,
				48A656CB18163BF200746D36 /* NavCtrlTests */,
			);
		};
/* End PBXProject section */

/* Begin PBXResourcesBuildPhase section */
		48A656AF18163BF200746D36 /* Resources */ = {
			isa = PBXResourcesBuildPhase;
			buildActionMask = 2147483647;
			files = (
				9F21CFCF1BF52D1100670BF3 /* CompanyCViewController.xib in Resources */,
				9F0DD3151BD6B28900CAA368 /* company.png in Resources */,
				9FF6B3D31BCEEB400015F471 /* iphone.png in Resources */,
				9FF6B3D41BCEEB400015F471 /* iPad.png in Resources */,
				9F21CFDC1BF63B5300670BF3 /* ProductsCViewController.xib in Resources */,
				9FF6B3CE1BCEEB400015F471 /* htc2.png in Resources */,
				48A656EE1816468000746D36 /* Sunflower.gif in Resources */,
				9FF6B3D11BCEEB400015F471 /* galaxys5.png in Resources */,
				9F21CFE11BF63BCE00670BF3 /* ProductsCVCell.xib in Resources */,
				9FF1BFAD1BFA3AE5006AC5B9 /* Podfile in Resources */,
				48A656BF18163BF200746D36 /* InfoPlist.strings in Resources */,
				9F0DD31C1BD6C56D00CAA368 /* product.png in Resources */,
				9FF6B3CB1BCEEB400015F471 /* motorola2.png in Resources */,
				9FF6B3B61BCED9890015F471 /* htc.png in Resources */,
				9FF6B3CD1BCEEB400015F471 /* htc3.png in Resources */,
				9F0DD3211BD80AD300CAA368 /* EditCompanyViewController.xib in Resources */,
				9F21CFD71BF54A4200670BF3 /* CompanyCVCell.xib in Resources */,
				9FF6B3BA1BCED9C50015F471 /* samsung.png in Resources */,
				9FF6B3CC1BCEEB400015F471 /* motorola1.png in Resources */,
				48A656C718163BF200746D36 /* Images.xcassets in Resources */,
				9F0DD31A1BD6B89300CAA368 /* AddProductViewController.xib in Resources */,
				9FF6B3B41BCED9790015F471 /* apple.png in Resources */,
				9FF6B3CF1BCEEB400015F471 /* htc1.png in Resources */,
				9FF6B3BE1BCEE38F0015F471 /* galaxys4.png in Resources */,
				9FF6B3C01BCEEB2F0015F471 /* motorola3.jpeg in Resources */,
				9FF6B3EE1BCF0FE20015F471 /* ProductViewController.xib in Resources */,
				9F0DD3131BD6926000CAA368 /* AddCompanyViewController.xib in Resources */,
				9FF6B3D01BCEEB400015F471 /* galaxys6.png in Resources */,
				9FF6B3B81BCED9BC0015F471 /* motorola.png in Resources */,
				9FF6B3D21BCEEB400015F471 /* ipodtouch.png in Resources */,
				9F0DD32C1BD821F000CAA368 /* EditProductViewController.xib in Resources */,
			);
			runOnlyForDeploymentPostprocessing = 0;
		};
		48A656CA18163BF200746D36 /* Resources */ = {
			isa = PBXResourcesBuildPhase;
			buildActionMask = 2147483647;
			files = (
				48A656D818163BF200746D36 /* InfoPlist.strings in Resources */,
			);
			runOnlyForDeploymentPostprocessing = 0;
		};
/* End PBXResourcesBuildPhase section */

/* Begin PBXShellScriptBuildPhase section */
		0107FCE2045DD10776FE24E1 /* Check Pods Manifest.lock */ = {
			isa = PBXShellScriptBuildPhase;
			buildActionMask = 2147483647;
			files = (
			);
			inputPaths = (
			);
			name = "Check Pods Manifest.lock";
			outputPaths = (
			);
			runOnlyForDeploymentPostprocessing = 0;
			shellPath = /bin/sh;
			shellScript = "diff \"${PODS_ROOT}/../Podfile.lock\" \"${PODS_ROOT}/Manifest.lock\" > /dev/null\nif [[ $? != 0 ]] ; then\n    cat << EOM\nerror: The sandbox is not in sync with the Podfile.lock. Run 'pod install' or update your CocoaPods installation.\nEOM\n    exit 1\nfi\n";
			showEnvVarsInLog = 0;
		};
		BAE8A0F34C471FF90C75957B /* Embed Pods Frameworks */ = {
			isa = PBXShellScriptBuildPhase;
			buildActionMask = 2147483647;
			files = (
			);
			inputPaths = (
			);
			name = "Embed Pods Frameworks";
			outputPaths = (
			);
			runOnlyForDeploymentPostprocessing = 0;
			shellPath = /bin/sh;
			shellScript = "\"${SRCROOT}/NavCtrl/Pods/Target Support Files/Pods/Pods-frameworks.sh\"\n";
			showEnvVarsInLog = 0;
		};
		DF58A96C4486CD7A33215377 /* Copy Pods Resources */ = {
			isa = PBXShellScriptBuildPhase;
			buildActionMask = 2147483647;
			files = (
			);
			inputPaths = (
			);
			name = "Copy Pods Resources";
			outputPaths = (
			);
			runOnlyForDeploymentPostprocessing = 0;
			shellPath = /bin/sh;
			shellScript = "\"${SRCROOT}/NavCtrl/Pods/Target Support Files/Pods/Pods-resources.sh\"\n";
			showEnvVarsInLog = 0;
		};
/* End PBXShellScriptBuildPhase section */

/* Begin PBXSourcesBuildPhase section */
		48A656AD18163BF200746D36 /* Sources */ = {
			isa = PBXSourcesBuildPhase;
			buildActionMask = 2147483647;
			files = (
				9F350F9B1BF0FD9900C25FC7 /* CompanyCd.m in Sources */,
				9F0DD3191BD6B89300CAA368 /* AddProductViewController.m in Sources */,
				9F0DD3121BD6926000CAA368 /* AddCompanyViewController.m in Sources */,
				9FF6B3FE1BD14F000015F471 /* Product.m in Sources */,
				9FF6B3ED1BCF0FE20015F471 /* ProductViewController.m in Sources */,
				9F350F9D1BF0FD9900C25FC7 /* ProductCd.m in Sources */,
				9FF6B3FB1BD14EEE0015F471 /* Company.m in Sources */,
				9F21CFE01BF63BCE00670BF3 /* ProductsCVCell.m in Sources */,
				9F0DD30E1BD54B9900CAA368 /* DataAccess.m in Sources */,
				9F21CFCE1BF52D1100670BF3 /* CompanyCViewController.m in Sources */,
				48A656C518163BF200746D36 /* qcdDemoAppDelegate.m in Sources */,
				9F0DD32B1BD821F000CAA368 /* EditProductViewController.m in Sources */,
				48A656C118163BF200746D36 /* main.m in Sources */,
				9F350F9A1BF0FD9900C25FC7 /* CompanyCd+CoreDataProperties.m in Sources */,
				9F350F9C1BF0FD9900C25FC7 /* ProductCd+CoreDataProperties.m in Sources */,
				9F350F711BEBBC9600C25FC7 /* Model.xcdatamodeld in Sources */,
				9F0DD3201BD80AD300CAA368 /* EditCompanyViewController.m in Sources */,
				9F21CFDB1BF63B5300670BF3 /* ProductsCViewController.m in Sources */,
				9F21CFD61BF54A4200670BF3 /* CompanyCVCell.m in Sources */,
			);
			runOnlyForDeploymentPostprocessing = 0;
		};
		48A656C818163BF200746D36 /* Sources */ = {
			isa = PBXSourcesBuildPhase;
			buildActionMask = 2147483647;
			files = (
				48A656DA18163BF200746D36 /* NavCtrlTests.m in Sources */,
			);
			runOnlyForDeploymentPostprocessing = 0;
		};
/* End PBXSourcesBuildPhase section */

/* Begin PBXTargetDependency section */
		48A656D218163BF200746D36 /* PBXTargetDependency */ = {
			isa = PBXTargetDependency;
			target = 48A656B018163BF200746D36 /* NavCtrl */;
			targetProxy = 48A656D118163BF200746D36 /* PBXContainerItemProxy */;
		};
/* End PBXTargetDependency section */

/* Begin PBXVariantGroup section */
		48A656BD18163BF200746D36 /* InfoPlist.strings */ = {
			isa = PBXVariantGroup;
			children = (
				48A656BE18163BF200746D36 /* en */,
			);
			name = InfoPlist.strings;
			sourceTree = "<group>";
		};
		48A656D618163BF200746D36 /* InfoPlist.strings */ = {
			isa = PBXVariantGroup;
			children = (
				48A656D718163BF200746D36 /* en */,
			);
			name = InfoPlist.strings;
			sourceTree = "<group>";
		};
/* End PBXVariantGroup section */

/* Begin XCBuildConfiguration section */
		48A656DB18163BF200746D36 /* Debug */ = {
			isa = XCBuildConfiguration;
			buildSettings = {
				ALWAYS_SEARCH_USER_PATHS = NO;
				ARCHS = "$(ARCHS_STANDARD_INCLUDING_64_BIT)";
				CLANG_CXX_LANGUAGE_STANDARD = "gnu++0x";
				CLANG_CXX_LIBRARY = "libc++";
				CLANG_ENABLE_MODULES = YES;
				CLANG_ENABLE_OBJC_ARC = NO;
				CLANG_WARN_BOOL_CONVERSION = YES;
				CLANG_WARN_CONSTANT_CONVERSION = YES;
				CLANG_WARN_DIRECT_OBJC_ISA_USAGE = YES_ERROR;
				CLANG_WARN_EMPTY_BODY = YES;
				CLANG_WARN_ENUM_CONVERSION = YES;
				CLANG_WARN_INT_CONVERSION = YES;
				CLANG_WARN_OBJC_ROOT_CLASS = YES_ERROR;
				CLANG_WARN__DUPLICATE_METHOD_MATCH = YES;
				"CODE_SIGN_IDENTITY[sdk=iphoneos*]" = "iPhone Developer";
				COPY_PHASE_STRIP = NO;
				GCC_C_LANGUAGE_STANDARD = gnu99;
				GCC_DYNAMIC_NO_PIC = NO;
				GCC_OPTIMIZATION_LEVEL = 0;
				GCC_PREPROCESSOR_DEFINITIONS = (
					"DEBUG=1",
					"$(inherited)",
				);
				GCC_SYMBOLS_PRIVATE_EXTERN = NO;
				GCC_WARN_64_TO_32_BIT_CONVERSION = YES;
				GCC_WARN_ABOUT_RETURN_TYPE = YES_ERROR;
				GCC_WARN_UNDECLARED_SELECTOR = YES;
				GCC_WARN_UNINITIALIZED_AUTOS = YES;
				GCC_WARN_UNUSED_FUNCTION = YES;
				GCC_WARN_UNUSED_VARIABLE = YES;
				IPHONEOS_DEPLOYMENT_TARGET = 7.0;
				ONLY_ACTIVE_ARCH = YES;
				SDKROOT = iphoneos;
				TARGETED_DEVICE_FAMILY = 2;
			};
			name = Debug;
		};
		48A656DC18163BF200746D36 /* Release */ = {
			isa = XCBuildConfiguration;
			buildSettings = {
				ALWAYS_SEARCH_USER_PATHS = NO;
				ARCHS = "$(ARCHS_STANDARD_INCLUDING_64_BIT)";
				CLANG_CXX_LANGUAGE_STANDARD = "gnu++0x";
				CLANG_CXX_LIBRARY = "libc++";
				CLANG_ENABLE_MODULES = YES;
				CLANG_ENABLE_OBJC_ARC = NO;
				CLANG_WARN_BOOL_CONVERSION = YES;
				CLANG_WARN_CONSTANT_CONVERSION = YES;
				CLANG_WARN_DIRECT_OBJC_ISA_USAGE = YES_ERROR;
				CLANG_WARN_EMPTY_BODY = YES;
				CLANG_WARN_ENUM_CONVERSION = YES;
				CLANG_WARN_INT_CONVERSION = YES;
				CLANG_WARN_OBJC_ROOT_CLASS = YES_ERROR;
				CLANG_WARN__DUPLICATE_METHOD_MATCH = YES;
				"CODE_SIGN_IDENTITY[sdk=iphoneos*]" = "iPhone Developer";
				COPY_PHASE_STRIP = YES;
				ENABLE_NS_ASSERTIONS = NO;
				GCC_C_LANGUAGE_STANDARD = gnu99;
				GCC_WARN_64_TO_32_BIT_CONVERSION = YES;
				GCC_WARN_ABOUT_RETURN_TYPE = YES_ERROR;
				GCC_WARN_UNDECLARED_SELECTOR = YES;
				GCC_WARN_UNINITIALIZED_AUTOS = YES;
				GCC_WARN_UNUSED_FUNCTION = YES;
				GCC_WARN_UNUSED_VARIABLE = YES;
				IPHONEOS_DEPLOYMENT_TARGET = 7.0;
				SDKROOT = iphoneos;
				TARGETED_DEVICE_FAMILY = 2;
				VALIDATE_PRODUCT = YES;
			};
			name = Release;
		};
		48A656DE18163BF200746D36 /* Debug */ = {
			isa = XCBuildConfiguration;
			baseConfigurationReference = 256D4A980C0AE10755468ECA /* Pods.debug.xcconfig */;
			buildSettings = {
				ASSETCATALOG_COMPILER_APPICON_NAME = AppIcon;
				ASSETCATALOG_COMPILER_LAUNCHIMAGE_NAME = LaunchImage;
				CLANG_ENABLE_OBJC_ARC = NO;
				GCC_PRECOMPILE_PREFIX_HEADER = YES;
				GCC_PREFIX_HEADER = "NavCtrl/NavCtrl-Prefix.pch";
				INFOPLIST_FILE = "NavCtrl/NavCtrl-Info.plist";
				IPHONEOS_DEPLOYMENT_TARGET = 7.0;
				PRODUCT_NAME = "$(TARGET_NAME)";
				TARGETED_DEVICE_FAMILY = 2;
				WRAPPER_EXTENSION = app;
			};
			name = Debug;
		};
		48A656DF18163BF200746D36 /* Release */ = {
			isa = XCBuildConfiguration;
			baseConfigurationReference = 592A0ED37CFD9132A67245FB /* Pods.release.xcconfig */;
			buildSettings = {
				ASSETCATALOG_COMPILER_APPICON_NAME = AppIcon;
				ASSETCATALOG_COMPILER_LAUNCHIMAGE_NAME = LaunchImage;
				CLANG_ENABLE_OBJC_ARC = NO;
				GCC_PRECOMPILE_PREFIX_HEADER = YES;
				GCC_PREFIX_HEADER = "NavCtrl/NavCtrl-Prefix.pch";
				INFOPLIST_FILE = "NavCtrl/NavCtrl-Info.plist";
				IPHONEOS_DEPLOYMENT_TARGET = 7.0;
				PRODUCT_NAME = "$(TARGET_NAME)";
				TARGETED_DEVICE_FAMILY = 2;
				WRAPPER_EXTENSION = app;
			};
			name = Release;
		};
		48A656E118163BF200746D36 /* Debug */ = {
			isa = XCBuildConfiguration;
			buildSettings = {
				ARCHS = "$(ARCHS_STANDARD_INCLUDING_64_BIT)";
				BUNDLE_LOADER = "$(BUILT_PRODUCTS_DIR)/NavCtrl.app/NavCtrl";
				FRAMEWORK_SEARCH_PATHS = (
					"$(SDKROOT)/Developer/Library/Frameworks",
					"$(inherited)",
					"$(DEVELOPER_FRAMEWORKS_DIR)",
				);
				GCC_PRECOMPILE_PREFIX_HEADER = YES;
				GCC_PREFIX_HEADER = "NavCtrl/NavCtrl-Prefix.pch";
				GCC_PREPROCESSOR_DEFINITIONS = (
					"DEBUG=1",
					"$(inherited)",
				);
				INFOPLIST_FILE = "NavCtrlTests/NavCtrlTests-Info.plist";
				PRODUCT_NAME = "$(TARGET_NAME)";
				TEST_HOST = "$(BUNDLE_LOADER)";
				WRAPPER_EXTENSION = xctest;
			};
			name = Debug;
		};
		48A656E218163BF200746D36 /* Release */ = {
			isa = XCBuildConfiguration;
			buildSettings = {
				ARCHS = "$(ARCHS_STANDARD_INCLUDING_64_BIT)";
				BUNDLE_LOADER = "$(BUILT_PRODUCTS_DIR)/NavCtrl.app/NavCtrl";
				FRAMEWORK_SEARCH_PATHS = (
					"$(SDKROOT)/Developer/Library/Frameworks",
					"$(inherited)",
					"$(DEVELOPER_FRAMEWORKS_DIR)",
				);
				GCC_PRECOMPILE_PREFIX_HEADER = YES;
				GCC_PREFIX_HEADER = "NavCtrl/NavCtrl-Prefix.pch";
				INFOPLIST_FILE = "NavCtrlTests/NavCtrlTests-Info.plist";
				PRODUCT_NAME = "$(TARGET_NAME)";
				TEST_HOST = "$(BUNDLE_LOADER)";
				WRAPPER_EXTENSION = xctest;
			};
			name = Release;
		};
/* End XCBuildConfiguration section */

/* Begin XCConfigurationList section */
		48A656AC18163BF200746D36 /* Build configuration list for PBXProject "NavCtrl" */ = {
			isa = XCConfigurationList;
			buildConfigurations = (
				48A656DB18163BF200746D36 /* Debug */,
				48A656DC18163BF200746D36 /* Release */,
			);
			defaultConfigurationIsVisible = 0;
			defaultConfigurationName = Release;
		};
		48A656DD18163BF200746D36 /* Build configuration list for PBXNativeTarget "NavCtrl" */ = {
			isa = XCConfigurationList;
			buildConfigurations = (
				48A656DE18163BF200746D36 /* Debug */,
				48A656DF18163BF200746D36 /* Release */,
			);
			defaultConfigurationIsVisible = 0;
			defaultConfigurationName = Release;
		};
		48A656E018163BF200746D36 /* Build configuration list for PBXNativeTarget "NavCtrlTests" */ = {
			isa = XCConfigurationList;
			buildConfigurations = (
				48A656E118163BF200746D36 /* Debug */,
				48A656E218163BF200746D36 /* Release */,
			);
			defaultConfigurationIsVisible = 0;
			defaultConfigurationName = Release;
		};
/* End XCConfigurationList section */

/* Begin XCVersionGroup section */
		9F350F6F1BEBBC9600C25FC7 /* Model.xcdatamodeld */ = {
			isa = XCVersionGroup;
			children = (
				9F350F701BEBBC9600C25FC7 /* Model.xcdatamodel */,
			);
			currentVersion = 9F350F701BEBBC9600C25FC7 /* Model.xcdatamodel */;
			path = Model.xcdatamodeld;
			sourceTree = "<group>";
			versionGroupType = wrapper.xcdatamodel;
		};
/* End XCVersionGroup section */
	};
	rootObject = 48A656A918163BF200746D36 /* Project object */;
}
